
Microsoft Visual Studio Solution File, Format Version 12.00
# Visual Studio Version 16
VisualStudioVersion = 16.0.30717.126
MinimumVisualStudioVersion = 10.0.40219.1
Project("{FAE04EC0-301F-11D3-BF4B-00C04F79EFBC}") = "Assignement", "Assignement\Assignement.csproj", "{742BABDD-B09E-4636-AA53-C13E464F1AD5}"
EndProject
Project("{FAE04EC0-301F-11D3-BF4B-00C04F79EFBC}") = "TeacherManagerment", "TeacherManagerment\TeacherManagerment.csproj", "{230049BE-E8BD-4E8D-895A-5D39BA4CCBC9}"
EndProject
Global
	GlobalSection(SolutionConfigurationPlatforms) = preSolution
		Debug|Any CPU = Debug|Any CPU
		Release|Any CPU = Release|Any CPU
	EndGlobalSection
	GlobalSection(ProjectConfigurationPlatforms) = postSolution
		{742BABDD-B09E-4636-AA53-C13E464F1AD5}.Debug|Any CPU.ActiveCfg = Debug|Any CPU
		{742BABDD-B09E-4636-AA53-C13E464F1AD5}.Debug|Any CPU.Build.0 = Debug|Any CPU
		{742BABDD-B09E-4636-AA53-C13E464F1AD5}.Release|Any CPU.ActiveCfg = Release|Any CPU
		{742BABDD-B09E-4636-AA53-C13E464F1AD5}.Release|Any CPU.Build.0 = Release|Any CPU
		{230049BE-E8BD-4E8D-895A-5D39BA4CCBC9}.Debug|Any CPU.ActiveCfg = Debug|Any CPU
		{230049BE-E8BD-4E8D-895A-5D39BA4CCBC9}.Debug|Any CPU.Build.0 = Debug|Any CPU
		{230049BE-E8BD-4E8D-895A-5D39BA4CCBC9}.Release|Any CPU.ActiveCfg = Release|Any CPU
		{230049BE-E8BD-4E8D-895A-5D39BA4CCBC9}.Release|Any CPU.Build.0 = Release|Any CPU
	EndGlobalSection
	GlobalSection(SolutionProperties) = preSolution
		HideSolutionNode = FALSE
	EndGlobalSection
	GlobalSection(ExtensibilityGlobals) = postSolution
		SolutionGuid = {39D2CC14-4B0F-4C0E-A97D-7B3B31F94293}
	EndGlobalSection
EndGlobal
